
Microsoft Visual Studio Solution File, Format Version 11.00
# Visual Studio 2010
Project("{F184B08F-C81C-45F6-A57F-5ABD9991F28F}") = "Calculator", "Calculator\Calculator.vbproj", "{005263B5-B63C-4015-8147-212FE3235CAC}"
EndProject
Global
	GlobalSection(SolutionConfigurationPlatforms) = preSolution
		Debug|x86 = Debug|x86
		Release|x86 = Release|x86
	EndGlobalSection
	GlobalSection(ProjectConfigurationPlatforms) = postSolution
		{005263B5-B63C-4015-8147-212FE3235CAC}.Debug|x86.ActiveCfg = Debug|x86
		{005263B5-B63C-4015-8147-212FE3235CAC}.Debug|x86.Build.0 = Debug|x86
		{005263B5-B63C-4015-8147-212FE3235CAC}.Release|x86.ActiveCfg = Release|x86
		{005263B5-B63C-4015-8147-212FE3235CAC}.Release|x86.Build.0 = Release|x86
	EndGlobalSection
	GlobalSection(SolutionProperties) = preSolution
		HideSolutionNode = FALSE
	EndGlobalSection
EndGlobal
